// !$*UTF8*$!
{
	archiveVersion = 1;
	classes = {
	};
	objectVersion = 50;
	objects = {

/* Begin PBXBuildFile section */
		7186D99022A5717D00FA7873 /* AppDelegate.swift in Sources */ = {isa = PBXBuildFile; fileRef = 7186D98F22A5717D00FA7873 /* AppDelegate.swift */; };
		7186D99222A5717D00FA7873 /* ViewController.swift in Sources */ = {isa = PBXBuildFile; fileRef = 7186D99122A5717D00FA7873 /* ViewController.swift */; };
		7186D99522A5717D00FA7873 /* Main.storyboard in Resources */ = {isa = PBXBuildFile; fileRef = 7186D99322A5717D00FA7873 /* Main.storyboard */; };
		7186D99722A5717F00FA7873 /* Assets.xcassets in Resources */ = {isa = PBXBuildFile; fileRef = 7186D99622A5717F00FA7873 /* Assets.xcassets */; };
		7186D99A22A5717F00FA7873 /* LaunchScreen.storyboard in Resources */ = {isa = PBXBuildFile; fileRef = 7186D99822A5717F00FA7873 /* LaunchScreen.storyboard */; };
		7186D9A522A5717F00FA7873 /* mobile_challengeTests.swift in Sources */ = {isa = PBXBuildFile; fileRef = 7186D9A422A5717F00FA7873 /* mobile_challengeTests.swift */; };
		7186D9B022A5717F00FA7873 /* mobile_challengeUITests.swift in Sources */ = {isa = PBXBuildFile; fileRef = 7186D9AF22A5717F00FA7873 /* mobile_challengeUITests.swift */; };
/* End PBXBuildFile section */

/* Begin PBXContainerItemProxy section */
		7186D9A122A5717F00FA7873 /* PBXContainerItemProxy */ = {
			isa = PBXContainerItemProxy;
			containerPortal = 7186D98422A5717D00FA7873 /* Project object */;
			proxyType = 1;
			remoteGlobalIDString = 7186D98B22A5717D00FA7873;
			remoteInfo = "mobile-challenge";
		};
		7186D9AC22A5717F00FA7873 /* PBXContainerItemProxy */ = {
			isa = PBXContainerItemProxy;
			containerPortal = 7186D98422A5717D00FA7873 /* Project object */;
			proxyType = 1;
			remoteGlobalIDString = 7186D98B22A5717D00FA7873;
			remoteInfo = "mobile-challenge";
		};
/* End PBXContainerItemProxy section */

/* Begin PBXFileReference section */
		7186D98C22A5717D00FA7873 /* mobile-challenge.app */ = {isa = PBXFileReference; explicitFileType = wrapper.application; includeInIndex = 0; path = "mobile-challenge.app"; sourceTree = BUILT_PRODUCTS_DIR; };
		7186D98F22A5717D00FA7873 /* AppDelegate.swift */ = {isa = PBXFileReference; lastKnownFileType = sourcecode.swift; path = AppDelegate.swift; sourceTree = "<group>"; };
		7186D99122A5717D00FA7873 /* ViewController.swift */ = {isa = PBXFileReference; lastKnownFileType = sourcecode.swift; path = ViewController.swift; sourceTree = "<group>"; };
		7186D99422A5717D00FA7873 /* Base */ = {isa = PBXFileReference; lastKnownFileType = file.storyboard; name = Base; path = Base.lproj/Main.storyboard; sourceTree = "<group>"; };
		7186D99622A5717F00FA7873 /* Assets.xcassets */ = {isa = PBXFileReference; lastKnownFileType = folder.assetcatalog; path = Assets.xcassets; sourceTree = "<group>"; };
		7186D99922A5717F00FA7873 /* Base */ = {isa = PBXFileReference; lastKnownFileType = file.storyboard; name = Base; path = Base.lproj/LaunchScreen.storyboard; sourceTree = "<group>"; };
		7186D99B22A5717F00FA7873 /* Info.plist */ = {isa = PBXFileReference; lastKnownFileType = text.plist.xml; path = Info.plist; sourceTree = "<group>"; };
		7186D9A022A5717F00FA7873 /* mobile-challengeTests.xctest */ = {isa = PBXFileReference; explicitFileType = wrapper.cfbundle; includeInIndex = 0; path = "mobile-challengeTests.xctest"; sourceTree = BUILT_PRODUCTS_DIR; };
		7186D9A422A5717F00FA7873 /* mobile_challengeTests.swift */ = {isa = PBXFileReference; lastKnownFileType = sourcecode.swift; path = mobile_challengeTests.swift; sourceTree = "<group>"; };
		7186D9A622A5717F00FA7873 /* Info.plist */ = {isa = PBXFileReference; lastKnownFileType = text.plist.xml; path = Info.plist; sourceTree = "<group>"; };
		7186D9AB22A5717F00FA7873 /* mobile-challengeUITests.xctest */ = {isa = PBXFileReference; explicitFileType = wrapper.cfbundle; includeInIndex = 0; path = "mobile-challengeUITests.xctest"; sourceTree = BUILT_PRODUCTS_DIR; };
		7186D9AF22A5717F00FA7873 /* mobile_challengeUITests.swift */ = {isa = PBXFileReference; lastKnownFileType = sourcecode.swift; path = mobile_challengeUITests.swift; sourceTree = "<group>"; };
		7186D9B122A5717F00FA7873 /* Info.plist */ = {isa = PBXFileReference; lastKnownFileType = text.plist.xml; path = Info.plist; sourceTree = "<group>"; };
/* End PBXFileReference section */

/* Begin PBXFrameworksBuildPhase section */
		7186D98922A5717D00FA7873 /* Frameworks */ = {
			isa = PBXFrameworksBuildPhase;
			buildActionMask = 2147483647;
			files = (
			);
			runOnlyForDeploymentPostprocessing = 0;
		};
		7186D99D22A5717F00FA7873 /* Frameworks */ = {
			isa = PBXFrameworksBuildPhase;
			buildActionMask = 2147483647;
			files = (
			);
			runOnlyForDeploymentPostprocessing = 0;
		};
		7186D9A822A5717F00FA7873 /* Frameworks */ = {
			isa = PBXFrameworksBuildPhase;
			buildActionMask = 2147483647;
			files = (
			);
			runOnlyForDeploymentPostprocessing = 0;
		};
/* End PBXFrameworksBuildPhase section */

/* Begin PBXGroup section */
		7186D98322A5717D00FA7873 = {
			isa = PBXGroup;
			children = (
				7186D98E22A5717D00FA7873 /* mobile-challenge */,
				7186D9A322A5717F00FA7873 /* mobile-challengeTests */,
				7186D9AE22A5717F00FA7873 /* mobile-challengeUITests */,
				7186D98D22A5717D00FA7873 /* Products */,
			);
			sourceTree = "<group>";
		};
		7186D98D22A5717D00FA7873 /* Products */ = {
			isa = PBXGroup;
			children = (
				7186D98C22A5717D00FA7873 /* mobile-challenge.app */,
				7186D9A022A5717F00FA7873 /* mobile-challengeTests.xctest */,
				7186D9AB22A5717F00FA7873 /* mobile-challengeUITests.xctest */,
			);
			name = Products;
			sourceTree = "<group>";
		};
		7186D98E22A5717D00FA7873 /* mobile-challenge */ = {
			isa = PBXGroup;
			children = (
				7186D98F22A5717D00FA7873 /* AppDelegate.swift */,
				7186D99122A5717D00FA7873 /* ViewController.swift */,
				7186D99322A5717D00FA7873 /* Main.storyboard */,
				7186D99622A5717F00FA7873 /* Assets.xcassets */,
				7186D99822A5717F00FA7873 /* LaunchScreen.storyboard */,
				7186D99B22A5717F00FA7873 /* Info.plist */,
			);
			path = "mobile-challenge";
			sourceTree = "<group>";
		};
		7186D9A322A5717F00FA7873 /* mobile-challengeTests */ = {
			isa = PBXGroup;
			children = (
				7186D9A422A5717F00FA7873 /* mobile_challengeTests.swift */,
				7186D9A622A5717F00FA7873 /* Info.plist */,
			);
			path = "mobile-challengeTests";
			sourceTree = "<group>";
		};
		7186D9AE22A5717F00FA7873 /* mobile-challengeUITests */ = {
			isa = PBXGroup;
			children = (
				7186D9AF22A5717F00FA7873 /* mobile_challengeUITests.swift */,
				7186D9B122A5717F00FA7873 /* Info.plist */,
			);
			path = "mobile-challengeUITests";
			sourceTree = "<group>";
		};
/* End PBXGroup section */

/* Begin PBXNativeTarget section */
		7186D98B22A5717D00FA7873 /* mobile-challenge */ = {
			isa = PBXNativeTarget;
			buildConfigurationList = 7186D9B422A5717F00FA7873 /* Build configuration list for PBXNativeTarget "mobile-challenge" */;
			buildPhases = (
				7186D98822A5717D00FA7873 /* Sources */,
				7186D98922A5717D00FA7873 /* Frameworks */,
				7186D98A22A5717D00FA7873 /* Resources */,
			);
			buildRules = (
			);
			dependencies = (
			);
			name = "mobile-challenge";
			productName = "mobile-challenge";
			productReference = 7186D98C22A5717D00FA7873 /* mobile-challenge.app */;
			productType = "com.apple.product-type.application";
		};
		7186D99F22A5717F00FA7873 /* mobile-challengeTests */ = {
			isa = PBXNativeTarget;
			buildConfigurationList = 7186D9B722A5717F00FA7873 /* Build configuration list for PBXNativeTarget "mobile-challengeTests" */;
			buildPhases = (
				7186D99C22A5717F00FA7873 /* Sources */,
				7186D99D22A5717F00FA7873 /* Frameworks */,
				7186D99E22A5717F00FA7873 /* Resources */,
			);
			buildRules = (
			);
			dependencies = (
				7186D9A222A5717F00FA7873 /* PBXTargetDependency */,
			);
			name = "mobile-challengeTests";
			productName = "mobile-challengeTests";
			productReference = 7186D9A022A5717F00FA7873 /* mobile-challengeTests.xctest */;
			productType = "com.apple.product-type.bundle.unit-test";
		};
		7186D9AA22A5717F00FA7873 /* mobile-challengeUITests */ = {
			isa = PBXNativeTarget;
			buildConfigurationList = 7186D9BA22A5717F00FA7873 /* Build configuration list for PBXNativeTarget "mobile-challengeUITests" */;
			buildPhases = (
				7186D9A722A5717F00FA7873 /* Sources */,
				7186D9A822A5717F00FA7873 /* Frameworks */,
				7186D9A922A5717F00FA7873 /* Resources */,
			);
			buildRules = (
			);
			dependencies = (
				7186D9AD22A5717F00FA7873 /* PBXTargetDependency */,
			);
			name = "mobile-challengeUITests";
			productName = "mobile-challengeUITests";
			productReference = 7186D9AB22A5717F00FA7873 /* mobile-challengeUITests.xctest */;
			productType = "com.apple.product-type.bundle.ui-testing";
		};
/* End PBXNativeTarget section */

/* Begin PBXProject section */
		7186D98422A5717D00FA7873 /* Project object */ = {
			isa = PBXProject;
			attributes = {
				LastSwiftUpdateCheck = 1010;
				LastUpgradeCheck = 1010;
				ORGANIZATIONNAME = "Pedro Albuquerque";
				TargetAttributes = {
					7186D98B22A5717D00FA7873 = {
						CreatedOnToolsVersion = 10.1;
					};
					7186D99F22A5717F00FA7873 = {
						CreatedOnToolsVersion = 10.1;
						TestTargetID = 7186D98B22A5717D00FA7873;
					};
					7186D9AA22A5717F00FA7873 = {
						CreatedOnToolsVersion = 10.1;
						TestTargetID = 7186D98B22A5717D00FA7873;
					};
				};
			};
			buildConfigurationList = 7186D98722A5717D00FA7873 /* Build configuration list for PBXProject "mobile-challenge" */;
			compatibilityVersion = "Xcode 9.3";
			developmentRegion = en;
			hasScannedForEncodings = 0;
			knownRegions = (
				en,
				Base,
			);
			mainGroup = 7186D98322A5717D00FA7873;
			productRefGroup = 7186D98D22A5717D00FA7873 /* Products */;
			projectDirPath = "";
			projectRoot = "";
			targets = (
				7186D98B22A5717D00FA7873 /* mobile-challenge */,
				7186D99F22A5717F00FA7873 /* mobile-challengeTests */,
				7186D9AA22A5717F00FA7873 /* mobile-challengeUITests */,
			);
		};
/* End PBXProject section */

/* Begin PBXResourcesBuildPhase section */
		7186D98A22A5717D00FA7873 /* Resources */ = {
			isa = PBXResourcesBuildPhase;
			buildActionMask = 2147483647;
			files = (
				7186D99A22A5717F00FA7873 /* LaunchScreen.storyboard in Resources */,
				7186D99722A5717F00FA7873 /* Assets.xcassets in Resources */,
				7186D99522A5717D00FA7873 /* Main.storyboard in Resources */,
			);
			runOnlyForDeploymentPostprocessing = 0;
		};
		7186D99E22A5717F00FA7873 /* Resources */ = {
			isa = PBXResourcesBuildPhase;
			buildActionMask = 2147483647;
			files = (
			);
			runOnlyForDeploymentPostprocessing = 0;
		};
		7186D9A922A5717F00FA7873 /* Resources */ = {
			isa = PBXResourcesBuildPhase;
			buildActionMask = 2147483647;
			files = (
			);
			runOnlyForDeploymentPostprocessing = 0;
		};
/* End PBXResourcesBuildPhase section */

/* Begin PBXSourcesBuildPhase section */
		7186D98822A5717D00FA7873 /* Sources */ = {
			isa = PBXSourcesBuildPhase;
			buildActionMask = 2147483647;
			files = (
				7186D99222A5717D00FA7873 /* ViewController.swift in Sources */,
				7186D99022A5717D00FA7873 /* AppDelegate.swift in Sources */,
			);
			runOnlyForDeploymentPostprocessing = 0;
		};
		7186D99C22A5717F00FA7873 /* Sources */ = {
			isa = PBXSourcesBuildPhase;
			buildActionMask = 2147483647;
			files = (
				7186D9A522A5717F00FA7873 /* mobile_challengeTests.swift in Sources */,
			);
			runOnlyForDeploymentPostprocessing = 0;
		};
		7186D9A722A5717F00FA7873 /* Sources */ = {
			isa = PBXSourcesBuildPhase;
			buildActionMask = 2147483647;
			files = (
				7186D9B022A5717F00FA7873 /* mobile_challengeUITests.swift in Sources */,
			);
			runOnlyForDeploymentPostprocessing = 0;
		};
/* End PBXSourcesBuildPhase section */

/* Begin PBXTargetDependency section */
		7186D9A222A5717F00FA7873 /* PBXTargetDependency */ = {
			isa = PBXTargetDependency;
			target = 7186D98B22A5717D00FA7873 /* mobile-challenge */;
			targetProxy = 7186D9A122A5717F00FA7873 /* PBXContainerItemProxy */;
		};
		7186D9AD22A5717F00FA7873 /* PBXTargetDependency */ = {
			isa = PBXTargetDependency;
			target = 7186D98B22A5717D00FA7873 /* mobile-challenge */;
			targetProxy = 7186D9AC22A5717F00FA7873 /* PBXContainerItemProxy */;
		};
/* End PBXTargetDependency section */

/* Begin PBXVariantGroup section */
		7186D99322A5717D00FA7873 /* Main.storyboard */ = {
			isa = PBXVariantGroup;
			children = (
				7186D99422A5717D00FA7873 /* Base */,
			);
			name = Main.storyboard;
			sourceTree = "<group>";
		};
		7186D99822A5717F00FA7873 /* LaunchScreen.storyboard */ = {
			isa = PBXVariantGroup;
			children = (
				7186D99922A5717F00FA7873 /* Base */,
			);
			name = LaunchScreen.storyboard;
			sourceTree = "<group>";
		};
/* End PBXVariantGroup section */

/* Begin XCBuildConfiguration section */
		7186D9B222A5717F00FA7873 /* Debug */ = {
			isa = XCBuildConfiguration;
			buildSettings = {
				ALWAYS_SEARCH_USER_PATHS = NO;
				CLANG_ANALYZER_NONNULL = YES;
				CLANG_ANALYZER_NUMBER_OBJECT_CONVERSION = YES_AGGRESSIVE;
				CLANG_CXX_LANGUAGE_STANDARD = "gnu++14";
				CLANG_CXX_LIBRARY = "libc++";
				CLANG_ENABLE_MODULES = YES;
				CLANG_ENABLE_OBJC_ARC = YES;
				CLANG_ENABLE_OBJC_WEAK = YES;
				CLANG_WARN_BLOCK_CAPTURE_AUTORELEASING = YES;
				CLANG_WARN_BOOL_CONVERSION = YES;
				CLANG_WARN_COMMA = YES;
				CLANG_WARN_CONSTANT_CONVERSION = YES;
				CLANG_WARN_DEPRECATED_OBJC_IMPLEMENTATIONS = YES;
				CLANG_WARN_DIRECT_OBJC_ISA_USAGE = YES_ERROR;
				CLANG_WARN_DOCUMENTATION_COMMENTS = YES;
				CLANG_WARN_EMPTY_BODY = YES;
				CLANG_WARN_ENUM_CONVERSION = YES;
				CLANG_WARN_INFINITE_RECURSION = YES;
				CLANG_WARN_INT_CONVERSION = YES;
				CLANG_WARN_NON_LITERAL_NULL_CONVERSION = YES;
				CLANG_WARN_OBJC_IMPLICIT_RETAIN_SELF = YES;
				CLANG_WARN_OBJC_LITERAL_CONVERSION = YES;
				CLANG_WARN_OBJC_ROOT_CLASS = YES_ERROR;
				CLANG_WARN_RANGE_LOOP_ANALYSIS = YES;
				CLANG_WARN_STRICT_PROTOTYPES = YES;
				CLANG_WARN_SUSPICIOUS_MOVE = YES;
				CLANG_WARN_UNGUARDED_AVAILABILITY = YES_AGGRESSIVE;
				CLANG_WARN_UNREACHABLE_CODE = YES;
				CLANG_WARN__DUPLICATE_METHOD_MATCH = YES;
				CODE_SIGN_IDENTITY = "iPhone Developer";
				COPY_PHASE_STRIP = NO;
				DEBUG_INFORMATION_FORMAT = dwarf;
				ENABLE_STRICT_OBJC_MSGSEND = YES;
				ENABLE_TESTABILITY = YES;
				GCC_C_LANGUAGE_STANDARD = gnu11;
				GCC_DYNAMIC_NO_PIC = NO;
				GCC_NO_COMMON_BLOCKS = YES;
				GCC_OPTIMIZATION_LEVEL = 0;
				GCC_PREPROCESSOR_DEFINITIONS = (
					"DEBUG=1",
					"$(inherited)",
				);
				GCC_WARN_64_TO_32_BIT_CONVERSION = YES;
				GCC_WARN_ABOUT_RETURN_TYPE = YES_ERROR;
				GCC_WARN_UNDECLARED_SELECTOR = YES;
				GCC_WARN_UNINITIALIZED_AUTOS = YES_AGGRESSIVE;
				GCC_WARN_UNUSED_FUNCTION = YES;
				GCC_WARN_UNUSED_VARIABLE = YES;
				IPHONEOS_DEPLOYMENT_TARGET = 12.1;
				MTL_ENABLE_DEBUG_INFO = INCLUDE_SOURCE;
				MTL_FAST_MATH = YES;
				ONLY_ACTIVE_ARCH = YES;
				SDKROOT = iphoneos;
				SWIFT_ACTIVE_COMPILATION_CONDITIONS = DEBUG;
				SWIFT_OPTIMIZATION_LEVEL = "-Onone";
			};
			name = Debug;
		};
		7186D9B322A5717F00FA7873 /* Release */ = {
			isa = XCBuildConfiguration;
			buildSettings = {
				ALWAYS_SEARCH_USER_PATHS = NO;
				CLANG_ANALYZER_NONNULL = YES;
				CLANG_ANALYZER_NUMBER_OBJECT_CONVERSION = YES_AGGRESSIVE;
				CLANG_CXX_LANGUAGE_STANDARD = "gnu++14";
				CLANG_CXX_LIBRARY = "libc++";
				CLANG_ENABLE_MODULES = YES;
				CLANG_ENABLE_OBJC_ARC = YES;
				CLANG_ENABLE_OBJC_WEAK = YES;
				CLANG_WARN_BLOCK_CAPTURE_AUTORELEASING = YES;
				CLANG_WARN_BOOL_CONVERSION = YES;
				CLANG_WARN_COMMA = YES;
				CLANG_WARN_CONSTANT_CONVERSION = YES;
				CLANG_WARN_DEPRECATED_OBJC_IMPLEMENTATIONS = YES;
				CLANG_WARN_DIRECT_OBJC_ISA_USAGE = YES_ERROR;
				CLANG_WARN_DOCUMENTATION_COMMENTS = YES;
				CLANG_WARN_EMPTY_BODY = YES;
				CLANG_WARN_ENUM_CONVERSION = YES;
				CLANG_WARN_INFINITE_RECURSION = YES;
				CLANG_WARN_INT_CONVERSION = YES;
				CLANG_WARN_NON_LITERAL_NULL_CONVERSION = YES;
				CLANG_WARN_OBJC_IMPLICIT_RETAIN_SELF = YES;
				CLANG_WARN_OBJC_LITERAL_CONVERSION = YES;
				CLANG_WARN_OBJC_ROOT_CLASS = YES_ERROR;
				CLANG_WARN_RANGE_LOOP_ANALYSIS = YES;
				CLANG_WARN_STRICT_PROTOTYPES = YES;
				CLANG_WARN_SUSPICIOUS_MOVE = YES;
				CLANG_WARN_UNGUARDED_AVAILABILITY = YES_AGGRESSIVE;
				CLANG_WARN_UNREACHABLE_CODE = YES;
				CLANG_WARN__DUPLICATE_METHOD_MATCH = YES;
				CODE_SIGN_IDENTITY = "iPhone Developer";
				COPY_PHASE_STRIP = NO;
				DEBUG_INFORMATION_FORMAT = "dwarf-with-dsym";
				ENABLE_NS_ASSERTIONS = NO;
				ENABLE_STRICT_OBJC_MSGSEND = YES;
				GCC_C_LANGUAGE_STANDARD = gnu11;
				GCC_NO_COMMON_BLOCKS = YES;
				GCC_WARN_64_TO_32_BIT_CONVERSION = YES;
				GCC_WARN_ABOUT_RETURN_TYPE = YES_ERROR;
				GCC_WARN_UNDECLARED_SELECTOR = YES;
				GCC_WARN_UNINITIALIZED_AUTOS = YES_AGGRESSIVE;
				GCC_WARN_UNUSED_FUNCTION = YES;
				GCC_WARN_UNUSED_VARIABLE = YES;
				IPHONEOS_DEPLOYMENT_TARGET = 12.1;
				MTL_ENABLE_DEBUG_INFO = NO;
				MTL_FAST_MATH = YES;
				SDKROOT = iphoneos;
				SWIFT_COMPILATION_MODE = wholemodule;
				SWIFT_OPTIMIZATION_LEVEL = "-O";
				VALIDATE_PRODUCT = YES;
			};
			name = Release;
		};
		7186D9B522A5717F00FA7873 /* Debug */ = {
			isa = XCBuildConfiguration;
			buildSettings = {
				ASSETCATALOG_COMPILER_APPICON_NAME = AppIcon;
				CODE_SIGN_STYLE = Automatic;
				DEVELOPMENT_TEAM = WN88JXG7EP;
				INFOPLIST_FILE = "mobile-challenge/Info.plist";
				IPHONEOS_DEPLOYMENT_TARGET = 11.1;
				LD_RUNPATH_SEARCH_PATHS = (
					"$(inherited)",
					"@executable_path/Frameworks",
				);
				PRODUCT_BUNDLE_IDENTIFIER = "br.com.pedroalbuquerque.mobile-challenge";
				PRODUCT_NAME = "$(TARGET_NAME)";
				SWIFT_VERSION = 4.2;
				TARGETED_DEVICE_FAMILY = 1;
			};
			name = Debug;
		};
		7186D9B622A5717F00FA7873 /* Release */ = {
			isa = XCBuildConfiguration;
			buildSettings = {
				ASSETCATALOG_COMPILER_APPICON_NAME = AppIcon;
				CODE_SIGN_STYLE = Automatic;
				DEVELOPMENT_TEAM = WN88JXG7EP;
				INFOPLIST_FILE = "mobile-challenge/Info.plist";
				IPHONEOS_DEPLOYMENT_TARGET = 11.1;
				LD_RUNPATH_SEARCH_PATHS = (
					"$(inherited)",
					"@executable_path/Frameworks",
				);
				PRODUCT_BUNDLE_IDENTIFIER = "br.com.pedroalbuquerque.mobile-challenge";
				PRODUCT_NAME = "$(TARGET_NAME)";
				SWIFT_VERSION = 4.2;
				TARGETED_DEVICE_FAMILY = 1;
			};
			name = Release;
		};
		7186D9B822A5717F00FA7873 /* Debug */ = {
			isa = XCBuildConfiguration;
			buildSettings = {
				ALWAYS_EMBED_SWIFT_STANDARD_LIBRARIES = YES;
				BUNDLE_LOADER = "$(TEST_HOST)";
				CODE_SIGN_STYLE = Automatic;
				DEVELOPMENT_TEAM = WN88JXG7EP;
				INFOPLIST_FILE = "mobile-challengeTests/Info.plist";
				LD_RUNPATH_SEARCH_PATHS = (
					"$(inherited)",
					"@executable_path/Frameworks",
					"@loader_path/Frameworks",
				);
				PRODUCT_BUNDLE_IDENTIFIER = "br.com.pedroalbuquerque.mobile-challengeTests";
				PRODUCT_NAME = "$(TARGET_NAME)";
				SWIFT_VERSION = 4.2;
				TARGETED_DEVICE_FAMILY = "1,2";
				TEST_HOST = "$(BUILT_PRODUCTS_DIR)/mobile-challenge.app/mobile-challenge";
			};
			name = Debug;
		};
		7186D9B922A5717F00FA7873 /* Release */ = {
			isa = XCBuildConfiguration;
			buildSettings = {
				ALWAYS_EMBED_SWIFT_STANDARD_LIBRARIES = YES;
				BUNDLE_LOADER = "$(TEST_HOST)";
				CODE_SIGN_STYLE = Automatic;
				DEVELOPMENT_TEAM = WN88JXG7EP;
				INFOPLIST_FILE = "mobile-challengeTests/Info.plist";
				LD_RUNPATH_SEARCH_PATHS = (
					"$(inherited)",
					"@executable_path/Frameworks",
					"@loader_path/Frameworks",
				);
				PRODUCT_BUNDLE_IDENTIFIER = "br.com.pedroalbuquerque.mobile-challengeTests";
				PRODUCT_NAME = "$(TARGET_NAME)";
				SWIFT_VERSION = 4.2;
				TARGETED_DEVICE_FAMILY = "1,2";
				TEST_HOST = "$(BUILT_PRODUCTS_DIR)/mobile-challenge.app/mobile-challenge";
			};
			name = Release;
		};
		7186D9BB22A5717F00FA7873 /* Debug */ = {
			isa = XCBuildConfiguration;
			buildSettings = {
				ALWAYS_EMBED_SWIFT_STANDARD_LIBRARIES = YES;
				CODE_SIGN_STYLE = Automatic;
				DEVELOPMENT_TEAM = WN88JXG7EP;
				INFOPLIST_FILE = "mobile-challengeUITests/Info.plist";
				LD_RUNPATH_SEARCH_PATHS = (
					"$(inherited)",
					"@executable_path/Frameworks",
					"@loader_path/Frameworks",
				);
				PRODUCT_BUNDLE_IDENTIFIER = "br.com.pedroalbuquerque.mobile-challengeUITests";
				PRODUCT_NAME = "$(TARGET_NAME)";
				SWIFT_VERSION = 4.2;
				TARGETED_DEVICE_FAMILY = "1,2";
				TEST_TARGET_NAME = "mobile-challenge";
			};
			name = Debug;
		};
		7186D9BC22A5717F00FA7873 /* Release */ = {
			isa = XCBuildConfiguration;
			buildSettings = {
				ALWAYS_EMBED_SWIFT_STANDARD_LIBRARIES = YES;
				CODE_SIGN_STYLE = Automatic;
				DEVELOPMENT_TEAM = WN88JXG7EP;
				INFOPLIST_FILE = "mobile-challengeUITests/Info.plist";
				LD_RUNPATH_SEARCH_PATHS = (
					"$(inherited)",
					"@executable_path/Frameworks",
					"@loader_path/Frameworks",
				);
				PRODUCT_BUNDLE_IDENTIFIER = "br.com.pedroalbuquerque.mobile-challengeUITests";
				PRODUCT_NAME = "$(TARGET_NAME)";
				SWIFT_VERSION = 4.2;
				TARGETED_DEVICE_FAMILY = "1,2";
				TEST_TARGET_NAME = "mobile-challenge";
			};
			name = Release;
		};
/* End XCBuildConfiguration section */

/* Begin XCConfigurationList section */
		7186D98722A5717D00FA7873 /* Build configuration list for PBXProject "mobile-challenge" */ = {
			isa = XCConfigurationList;
			buildConfigurations = (
				7186D9B222A5717F00FA7873 /* Debug */,
				7186D9B322A5717F00FA7873 /* Release */,
			);
			defaultConfigurationIsVisible = 0;
			defaultConfigurationName = Release;
		};
		7186D9B422A5717F00FA7873 /* Build configuration list for PBXNativeTarget "mobile-challenge" */ = {
			isa = XCConfigurationList;
			buildConfigurations = (
				7186D9B522A5717F00FA7873 /* Debug */,
				7186D9B622A5717F00FA7873 /* Release */,
			);
			defaultConfigurationIsVisible = 0;
			defaultConfigurationName = Release;
		};
		7186D9B722A5717F00FA7873 /* Build configuration list for PBXNativeTarget "mobile-challengeTests" */ = {
			isa = XCConfigurationList;
			buildConfigurations = (
				7186D9B822A5717F00FA7873 /* Debug */,
				7186D9B922A5717F00FA7873 /* Release */,
			);
			defaultConfigurationIsVisible = 0;
			defaultConfigurationName = Release;
		};
		7186D9BA22A5717F00FA7873 /* Build configuration list for PBXNativeTarget "mobile-challengeUITests" */ = {
			isa = XCConfigurationList;
			buildConfigurations = (
				7186D9BB22A5717F00FA7873 /* Debug */,
				7186D9BC22A5717F00FA7873 /* Release */,
			);
			defaultConfigurationIsVisible = 0;
			defaultConfigurationName = Release;
		};
/* End XCConfigurationList section */
	};
	rootObject = 7186D98422A5717D00FA7873 /* Project object */;
}
